
Microsoft Visual Studio Solution File, Format Version 12.00
# Visual Studio Version 17
VisualStudioVersion = 17.3.32825.248
MinimumVisualStudioVersion = 10.0.40219.1
Project("{9A19103F-16F7-4668-BE54-9A1E7A4F7556}") = "MagicVilla_VillaAPI", "MagicVilla_VillaAPI\MagicVilla_VillaAPI.csproj", "{C81ED5C6-9215-4F0E-998C-2B12302E931E}"
EndProject
Project("{FAE04EC0-301F-11D3-BF4B-00C04F79EFBC}") = "MagicVilla_Web", "MagicVilla_Web\MagicVilla_Web.csproj", "{C47106B3-5E37-412E-81F2-70C81C26DF4F}"
EndProject
Project("{FAE04EC0-301F-11D3-BF4B-00C04F79EFBC}") = "MagicVilla_Utility", "MagicVilla_Utility\MagicVilla_Utility.csproj", "{F393736F-ADE1-4102-AE0B-EAE2755CF8FF}"
EndProject
Global
	GlobalSection(SolutionConfigurationPlatforms) = preSolution
		Debug|Any CPU = Debug|Any CPU
		Release|Any CPU = Release|Any CPU
	EndGlobalSection
	GlobalSection(ProjectConfigurationPlatforms) = postSolution
		{C81ED5C6-9215-4F0E-998C-2B12302E931E}.Debug|Any CPU.ActiveCfg = Debug|Any CPU
		{C81ED5C6-9215-4F0E-998C-2B12302E931E}.Debug|Any CPU.Build.0 = Debug|Any CPU
		{C81ED5C6-9215-4F0E-998C-2B12302E931E}.Release|Any CPU.ActiveCfg = Release|Any CPU
		{C81ED5C6-9215-4F0E-998C-2B12302E931E}.Release|Any CPU.Build.0 = Release|Any CPU
		{C47106B3-5E37-412E-81F2-70C81C26DF4F}.Debug|Any CPU.ActiveCfg = Debug|Any CPU
		{C47106B3-5E37-412E-81F2-70C81C26DF4F}.Debug|Any CPU.Build.0 = Debug|Any CPU
		{C47106B3-5E37-412E-81F2-70C81C26DF4F}.Release|Any CPU.ActiveCfg = Release|Any CPU
		{C47106B3-5E37-412E-81F2-70C81C26DF4F}.Release|Any CPU.Build.0 = Release|Any CPU
		{F393736F-ADE1-4102-AE0B-EAE2755CF8FF}.Debug|Any CPU.ActiveCfg = Debug|Any CPU
		{F393736F-ADE1-4102-AE0B-EAE2755CF8FF}.Debug|Any CPU.Build.0 = Debug|Any CPU
		{F393736F-ADE1-4102-AE0B-EAE2755CF8FF}.Release|Any CPU.ActiveCfg = Release|Any CPU
		{F393736F-ADE1-4102-AE0B-EAE2755CF8FF}.Release|Any CPU.Build.0 = Release|Any CPU
	EndGlobalSection
	GlobalSection(SolutionProperties) = preSolution
		HideSolutionNode = FALSE
	EndGlobalSection
	GlobalSection(ExtensibilityGlobals) = postSolution
		SolutionGuid = {797B18B4-6155-4F9C-9765-BE73EC9B75DD}
	EndGlobalSection
EndGlobal
